Microsoft Visual Studio Solution File, Format Version 12.00
# Visual Studio Version 17
VisualStudioVersion = 17.5.2.0
MinimumVisualStudioVersion = 10.0.40219.1
Project("{FAE04EC0-301F-11D3-BF4B-00C04F79EFBC}") = "07_MultiDexBrain", "07_MultiDexBrain.csproj", "{B3A86FE1-EE17-AFC3-DFB0-2A5A18C2DFC5}"
EndProject
Global
	GlobalSection(SolutionConfigurationPlatforms) = preSolution
		Debug|Any CPU = Debug|Any CPU
		Release|Any CPU = Release|Any CPU
	EndGlobalSection
	GlobalSection(ProjectConfigurationPlatforms) = postSolution
		{B3A86FE1-EE17-AFC3-DFB0-2A5A18C2DFC5}.Debug|Any CPU.ActiveCfg = Debug|Any CPU
		{B3A86FE1-EE17-AFC3-DFB0-2A5A18C2DFC5}.Debug|Any CPU.Build.0 = Debug|Any CPU
		{B3A86FE1-EE17-AFC3-DFB0-2A5A18C2DFC5}.Release|Any CPU.ActiveCfg = Release|Any CPU
		{B3A86FE1-EE17-AFC3-DFB0-2A5A18C2DFC5}.Release|Any CPU.Build.0 = Release|Any CPU
	EndGlobalSection
	GlobalSection(SolutionProperties) = preSolution
		HideSolutionNode = FALSE
	EndGlobalSection
	GlobalSection(ExtensibilityGlobals) = postSolution
		SolutionGuid = {98D7C127-8E41-44AF-8E6A-B85215A04984}
	EndGlobalSection
EndGlobal
